
Microsoft Visual Studio Solution File, Format Version 12.00
# Visual Studio 15
Project("{FAE04EC0-301F-11D3-BF4B-00C04F79EFBC}") = "Assembly-CSharp", "Assembly-CSharp.csproj", "{F952920F-0754-9E9B-C61A-E9C577AE4064}"
EndProject
Global
	GlobalSection(SolutionConfigurationPlatforms) = preSolution
		Debug|Any CPU = Debug|Any CPU
		Release|Any CPU = Release|Any CPU
	EndGlobalSection
	GlobalSection(ProjectConfigurationPlatforms) = postSolution
		{F952920F-0754-9E9B-C61A-E9C577AE4064}.Debug|Any CPU.ActiveCfg = Debug|Any CPU
		{F952920F-0754-9E9B-C61A-E9C577AE4064}.Debug|Any CPU.Build.0 = Debug|Any CPU
		{F952920F-0754-9E9B-C61A-E9C577AE4064}.Release|Any CPU.ActiveCfg = Release|Any CPU
		{F952920F-0754-9E9B-C61A-E9C577AE4064}.Release|Any CPU.Build.0 = Release|Any CPU
	EndGlobalSection
	GlobalSection(SolutionProperties) = preSolution
		HideSolutionNode = FALSE
	EndGlobalSection
EndGlobal
